{
  "name": "cedric-theme",
  "version": "0.0.1",
  "lockfileVersion": 1,
  "requires": true,
  "dependencies": {
    "@types/vscode": {
      "version": "1.60.0",
      "resolved": "https://registry.npmjs.org/@types/vscode/-/vscode-1.60.0.tgz",
      "integrity": "sha512-wQ5OzY5tFv5uC5rKqL5E5fpZ5bu5SYqw5Y5zr5R5aO5uC5UDT7nQhvC0TrzgsFgV5E6G0QBEKwZREFBtvh0RQ=="
    }
  }
}